github.com/dessant/open-golang v0.0.0-20190104022628-a2dfa6d0dab6 h1:dgaEjTFRBdSihuQmbls7tvXLnyp6UnCXnDk1bUEsUPo=
github.com/dessant/open-golang v0.0.0-20190104022628-a2dfa6d0dab6/go.mod h1:9CA8zBzbUkJC7Lpc9uffa7w7kBjWqCmHRVfj59WMXn8=
github.com/gofrs/uuid v3.2.0+incompatible h1:y12jRkkFxsd7GpqdSZ+/KCs/fJbqpEXSGd4+jfEaewE=
github.com/gofrs/uuid v3.2.0+incompatible/go.mod h1:b2aQJv3Z4Fp6yNu3cdSllBxTCLRxnplIgP/c0N/04lM=
golang.org/x/sys v0.1.0 h1:kunALQeHf1/185U1i0GOB/fy1IPRDDpuoOOqRReG57U=
golang.org/x/sys v0.1.0/go.mod h1:oPkhp1MJrh7nUepCBck5+mAzfO9JrbApNNgaTdGDITg=
